// !$*UTF8*$!
{
	archiveVersion = 1;
	classes = {
	};
	objectVersion = 46;
	objects = {

/* Begin PBXBuildFile section */
		65E2D3341BCFC965001E29A9 /* main.m in Sources */ = {isa = PBXBuildFile; fileRef = 65E2D3331BCFC965001E29A9 /* main.m */; };
		65E2D3371BCFC965001E29A9 /* AppDelegate.m in Sources */ = {isa = PBXBuildFile; fileRef = 65E2D3361BCFC965001E29A9 /* AppDelegate.m */; };
		65E2D33A1BCFC966001E29A9 /* BeatuifulTime.xcdatamodeld in Sources */ = {isa = PBXBuildFile; fileRef = 65E2D3381BCFC966001E29A9 /* BeatuifulTime.xcdatamodeld */; };
		65E2D3401BCFC966001E29A9 /* Main.storyboard in Resources */ = {isa = PBXBuildFile; fileRef = 65E2D33E1BCFC966001E29A9 /* Main.storyboard */; };
		65E2D3421BCFC966001E29A9 /* Images.xcassets in Resources */ = {isa = PBXBuildFile; fileRef = 65E2D3411BCFC966001E29A9 /* Images.xcassets */; };
		65E2D3511BCFC966001E29A9 /* BeatuifulTimeTests.m in Sources */ = {isa = PBXBuildFile; fileRef = 65E2D3501BCFC966001E29A9 /* BeatuifulTimeTests.m */; };
		65E2D36D1BCFCD84001E29A9 /* blackTheme.bundle in Resources */ = {isa = PBXBuildFile; fileRef = 65E2D36B1BCFCD84001E29A9 /* blackTheme.bundle */; };
		65E2D36E1BCFCD84001E29A9 /* blueTheme.bundle in Resources */ = {isa = PBXBuildFile; fileRef = 65E2D36C1BCFCD84001E29A9 /* blueTheme.bundle */; };
		65E2D3721BCFCEE4001E29A9 /* BTStyle.m in Sources */ = {isa = PBXBuildFile; fileRef = 65E2D3711BCFCEE4001E29A9 /* BTStyle.m */; };
		65E2D3781BCFCF5A001E29A9 /* BTObjectExtension.m in Sources */ = {isa = PBXBuildFile; fileRef = 65E2D3771BCFCF5A001E29A9 /* BTObjectExtension.m */; };
		65E2D37B1BCFCF76001E29A9 /* BTThemeManager.m in Sources */ = {isa = PBXBuildFile; fileRef = 65E2D37A1BCFCF76001E29A9 /* BTThemeManager.m */; };
		B44506E71BCFFAFD008BD5AC /* HomePageViewController.m in Sources */ = {isa = PBXBuildFile; fileRef = B44506E61BCFFAFD008BD5AC /* HomePageViewController.m */; settings = {ASSET_TAGS = (); }; };
		B44507041BCFFB9F008BD5AC /* Info.plist in Resources */ = {isa = PBXBuildFile; fileRef = B44506EA1BCFFB9F008BD5AC /* Info.plist */; settings = {ASSET_TAGS = (); }; };
		B44507051BCFFB9F008BD5AC /* MASCompositeConstraint.m in Sources */ = {isa = PBXBuildFile; fileRef = B44506EC1BCFFB9F008BD5AC /* MASCompositeConstraint.m */; settings = {ASSET_TAGS = (); }; };
		B44507061BCFFB9F008BD5AC /* MASConstraint.m in Sources */ = {isa = PBXBuildFile; fileRef = B44506EF1BCFFB9F008BD5AC /* MASConstraint.m */; settings = {ASSET_TAGS = (); }; };
		B44507071BCFFB9F008BD5AC /* MASConstraintMaker.m in Sources */ = {isa = PBXBuildFile; fileRef = B44506F11BCFFB9F008BD5AC /* MASConstraintMaker.m */; settings = {ASSET_TAGS = (); }; };
		B44507081BCFFB9F008BD5AC /* MASLayoutConstraint.m in Sources */ = {isa = PBXBuildFile; fileRef = B44506F31BCFFB9F008BD5AC /* MASLayoutConstraint.m */; settings = {ASSET_TAGS = (); }; };
		B44507091BCFFB9F008BD5AC /* MASViewAttribute.m in Sources */ = {isa = PBXBuildFile; fileRef = B44506F71BCFFB9F008BD5AC /* MASViewAttribute.m */; settings = {ASSET_TAGS = (); }; };
		B445070A1BCFFB9F008BD5AC /* MASViewConstraint.m in Sources */ = {isa = PBXBuildFile; fileRef = B44506F91BCFFB9F008BD5AC /* MASViewConstraint.m */; settings = {ASSET_TAGS = (); }; };
		B445070B1BCFFB9F008BD5AC /* NSArray+MASAdditions.m in Sources */ = {isa = PBXBuildFile; fileRef = B44506FB1BCFFB9F008BD5AC /* NSArray+MASAdditions.m */; settings = {ASSET_TAGS = (); }; };
		B445070C1BCFFB9F008BD5AC /* NSLayoutConstraint+MASDebugAdditions.m in Sources */ = {isa = PBXBuildFile; fileRef = B44506FE1BCFFB9F008BD5AC /* NSLayoutConstraint+MASDebugAdditions.m */; settings = {ASSET_TAGS = (); }; };
		B445070D1BCFFB9F008BD5AC /* View+MASAdditions.m in Sources */ = {isa = PBXBuildFile; fileRef = B44507001BCFFB9F008BD5AC /* View+MASAdditions.m */; settings = {ASSET_TAGS = (); }; };
		B445070E1BCFFB9F008BD5AC /* ViewController+MASAdditions.m in Sources */ = {isa = PBXBuildFile; fileRef = B44507031BCFFB9F008BD5AC /* ViewController+MASAdditions.m */; settings = {ASSET_TAGS = (); }; };
		B445071D1BD0044B008BD5AC /* BTGuideViewController.m in Sources */ = {isa = PBXBuildFile; fileRef = B445071C1BD0044B008BD5AC /* BTGuideViewController.m */; settings = {ASSET_TAGS = (); }; };
/* End PBXBuildFile section */

/* Begin PBXContainerItemProxy section */
		65E2D34B1BCFC966001E29A9 /* PBXContainerItemProxy */ = {
			isa = PBXContainerItemProxy;
			containerPortal = 65E2D3261BCFC965001E29A9 /* Project object */;
			proxyType = 1;
			remoteGlobalIDString = 65E2D32D1BCFC965001E29A9;
			remoteInfo = BeatuifulTime;
		};
/* End PBXContainerItemProxy section */

/* Begin PBXFileReference section */
		65E2D32E1BCFC965001E29A9 /* BeatuifulTime.app */ = {isa = PBXFileReference; explicitFileType = wrapper.application; includeInIndex = 0; path = BeatuifulTime.app; sourceTree = BUILT_PRODUCTS_DIR; };
		65E2D3321BCFC965001E29A9 /* Info.plist */ = {isa = PBXFileReference; lastKnownFileType = text.plist.xml; path = Info.plist; sourceTree = "<group>"; };
		65E2D3331BCFC965001E29A9 /* main.m */ = {isa = PBXFileReference; lastKnownFileType = sourcecode.c.objc; path = main.m; sourceTree = "<group>"; };
		65E2D3351BCFC965001E29A9 /* AppDelegate.h */ = {isa = PBXFileReference; lastKnownFileType = sourcecode.c.h; path = AppDelegate.h; sourceTree = "<group>"; };
		65E2D3361BCFC965001E29A9 /* AppDelegate.m */ = {isa = PBXFileReference; lastKnownFileType = sourcecode.c.objc; path = AppDelegate.m; sourceTree = "<group>"; };
		65E2D3391BCFC966001E29A9 /* BeatuifulTime.xcdatamodel */ = {isa = PBXFileReference; lastKnownFileType = wrapper.xcdatamodel; path = BeatuifulTime.xcdatamodel; sourceTree = "<group>"; };
		65E2D33F1BCFC966001E29A9 /* Base */ = {isa = PBXFileReference; lastKnownFileType = file.storyboard; name = Base; path = Base.lproj/Main.storyboard; sourceTree = "<group>"; };
		65E2D3411BCFC966001E29A9 /* Images.xcassets */ = {isa = PBXFileReference; lastKnownFileType = folder.assetcatalog; path = Images.xcassets; sourceTree = "<group>"; };
		65E2D34A1BCFC966001E29A9 /* BeatuifulTimeTests.xctest */ = {isa = PBXFileReference; explicitFileType = wrapper.cfbundle; includeInIndex = 0; path = BeatuifulTimeTests.xctest; sourceTree = BUILT_PRODUCTS_DIR; };
		65E2D34F1BCFC966001E29A9 /* Info.plist */ = {isa = PBXFileReference; lastKnownFileType = text.plist.xml; path = Info.plist; sourceTree = "<group>"; };
		65E2D3501BCFC966001E29A9 /* BeatuifulTimeTests.m */ = {isa = PBXFileReference; lastKnownFileType = sourcecode.c.objc; path = BeatuifulTimeTests.m; sourceTree = "<group>"; };
		65E2D36B1BCFCD84001E29A9 /* blackTheme.bundle */ = {isa = PBXFileReference; lastKnownFileType = "wrapper.plug-in"; path = blackTheme.bundle; sourceTree = "<group>"; };
		65E2D36C1BCFCD84001E29A9 /* blueTheme.bundle */ = {isa = PBXFileReference; lastKnownFileType = "wrapper.plug-in"; path = blueTheme.bundle; sourceTree = "<group>"; };
		65E2D36F1BCFCDD4001E29A9 /* BeatuifulTime-Prefix.pch */ = {isa = PBXFileReference; lastKnownFileType = sourcecode.c.h; path = "BeatuifulTime-Prefix.pch"; sourceTree = "<group>"; };
		65E2D3701BCFCEE4001E29A9 /* BTStyle.h */ = {isa = PBXFileReference; fileEncoding = 4; lastKnownFileType = sourcecode.c.h; path = BTStyle.h; sourceTree = "<group>"; };
		65E2D3711BCFCEE4001E29A9 /* BTStyle.m */ = {isa = PBXFileReference; fileEncoding = 4; lastKnownFileType = sourcecode.c.objc; path = BTStyle.m; sourceTree = "<group>"; };
		65E2D3731BCFCF2D001E29A9 /* BTCommon.h */ = {isa = PBXFileReference; fileEncoding = 4; lastKnownFileType = sourcecode.c.h; path = BTCommon.h; sourceTree = "<group>"; };
		65E2D3761BCFCF5A001E29A9 /* BTObjectExtension.h */ = {isa = PBXFileReference; fileEncoding = 4; lastKnownFileType = sourcecode.c.h; path = BTObjectExtension.h; sourceTree = "<group>"; };
		65E2D3771BCFCF5A001E29A9 /* BTObjectExtension.m */ = {isa = PBXFileReference; fileEncoding = 4; lastKnownFileType = sourcecode.c.objc; path = BTObjectExtension.m; sourceTree = "<group>"; };
		65E2D3791BCFCF76001E29A9 /* BTThemeManager.h */ = {isa = PBXFileReference; fileEncoding = 4; lastKnownFileType = sourcecode.c.h; path = BTThemeManager.h; sourceTree = "<group>"; };
		65E2D37A1BCFCF76001E29A9 /* BTThemeManager.m */ = {isa = PBXFileReference; fileEncoding = 4; lastKnownFileType = sourcecode.c.objc; path = BTThemeManager.m; sourceTree = "<group>"; };
		B44506E51BCFFAFD008BD5AC /* HomePageViewController.h */ = {isa = PBXFileReference; fileEncoding = 4; lastKnownFileType = sourcecode.c.h; path = HomePageViewController.h; sourceTree = "<group>"; };
		B44506E61BCFFAFD008BD5AC /* HomePageViewController.m */ = {isa = PBXFileReference; fileEncoding = 4; lastKnownFileType = sourcecode.c.objc; path = HomePageViewController.m; sourceTree = "<group>"; };
		B44506EA1BCFFB9F008BD5AC /* Info.plist */ = {isa = PBXFileReference; fileEncoding = 4; lastKnownFileType = text.plist.xml; path = Info.plist; sourceTree = "<group>"; };
		B44506EB1BCFFB9F008BD5AC /* MASCompositeConstraint.h */ = {isa = PBXFileReference; fileEncoding = 4; lastKnownFileType = sourcecode.c.h; path = MASCompositeConstraint.h; sourceTree = "<group>"; };
		B44506EC1BCFFB9F008BD5AC /* MASCompositeConstraint.m */ = {isa = PBXFileReference; fileEncoding = 4; lastKnownFileType = sourcecode.c.objc; path = MASCompositeConstraint.m; sourceTree = "<group>"; };
		B44506ED1BCFFB9F008BD5AC /* MASConstraint+Private.h */ = {isa = PBXFileReference; fileEncoding = 4; lastKnownFileType = sourcecode.c.h; path = "MASConstraint+Private.h"; sourceTree = "<group>"; };
		B44506EE1BCFFB9F008BD5AC /* MASConstraint.h */ = {isa = PBXFileReference; fileEncoding = 4; lastKnownFileType = sourcecode.c.h; path = MASConstraint.h; sourceTree = "<group>"; };
		B44506EF1BCFFB9F008BD5AC /* MASConstraint.m */ = {isa = PBXFileReference; fileEncoding = 4; lastKnownFileType = sourcecode.c.objc; path = MASConstraint.m; sourceTree = "<group>"; };
		B44506F01BCFFB9F008BD5AC /* MASConstraintMaker.h */ = {isa = PBXFileReference; fileEncoding = 4; lastKnownFileType = sourcecode.c.h; path = MASConstraintMaker.h; sourceTree = "<group>"; };
		B44506F11BCFFB9F008BD5AC /* MASConstraintMaker.m */ = {isa = PBXFileReference; fileEncoding = 4; lastKnownFileType = sourcecode.c.objc; path = MASConstraintMaker.m; sourceTree = "<group>"; };
		B44506F21BCFFB9F008BD5AC /* MASLayoutConstraint.h */ = {isa = PBXFileReference; fileEncoding = 4; lastKnownFileType = sourcecode.c.h; path = MASLayoutConstraint.h; sourceTree = "<group>"; };
		B44506F31BCFFB9F008BD5AC /* MASLayoutConstraint.m */ = {isa = PBXFileReference; fileEncoding = 4; lastKnownFileType = sourcecode.c.objc; path = MASLayoutConstraint.m; sourceTree = "<group>"; };
		B44506F41BCFFB9F008BD5AC /* Masonry.h */ = {isa = PBXFileReference; fileEncoding = 4; lastKnownFileType = sourcecode.c.h; path = Masonry.h; sourceTree = "<group>"; };
		B44506F51BCFFB9F008BD5AC /* MASUtilities.h */ = {isa = PBXFileReference; fileEncoding = 4; lastKnownFileType = sourcecode.c.h; path = MASUtilities.h; sourceTree = "<group>"; };
		B44506F61BCFFB9F008BD5AC /* MASViewAttribute.h */ = {isa = PBXFileReference; fileEncoding = 4; lastKnownFileType = sourcecode.c.h; path = MASViewAttribute.h; sourceTree = "<group>"; };
		B44506F71BCFFB9F008BD5AC /* MASViewAttribute.m */ = {isa = PBXFileReference; fileEncoding = 4; lastKnownFileType = sourcecode.c.objc; path = MASViewAttribute.m; sourceTree = "<group>"; };
		B44506F81BCFFB9F008BD5AC /* MASViewConstraint.h */ = {isa = PBXFileReference; fileEncoding = 4; lastKnownFileType = sourcecode.c.h; path = MASViewConstraint.h; sourceTree = "<group>"; };
		B44506F91BCFFB9F008BD5AC /* MASViewConstraint.m */ = {isa = PBXFileReference; fileEncoding = 4; lastKnownFileType = sourcecode.c.objc; path = MASViewConstraint.m; sourceTree = "<group>"; };
		B44506FA1BCFFB9F008BD5AC /* NSArray+MASAdditions.h */ = {isa = PBXFileReference; fileEncoding = 4; lastKnownFileType = sourcecode.c.h; path = "NSArray+MASAdditions.h"; sourceTree = "<group>"; };
		B44506FB1BCFFB9F008BD5AC /* NSArray+MASAdditions.m */ = {isa = PBXFileReference; fileEncoding = 4; lastKnownFileType = sourcecode.c.objc; path = "NSArray+MASAdditions.m"; sourceTree = "<group>"; };
		B44506FC1BCFFB9F008BD5AC /* NSArray+MASShorthandAdditions.h */ = {isa = PBXFileReference; fileEncoding = 4; lastKnownFileType = sourcecode.c.h; path = "NSArray+MASShorthandAdditions.h"; sourceTree = "<group>"; };
		B44506FD1BCFFB9F008BD5AC /* NSLayoutConstraint+MASDebugAdditions.h */ = {isa = PBXFileReference; fileEncoding = 4; lastKnownFileType = sourcecode.c.h; path = "NSLayoutConstraint+MASDebugAdditions.h"; sourceTree = "<group>"; };
		B44506FE1BCFFB9F008BD5AC /* NSLayoutConstraint+MASDebugAdditions.m */ = {isa = PBXFileReference; fileEncoding = 4; lastKnownFileType = sourcecode.c.objc; path = "NSLayoutConstraint+MASDebugAdditions.m"; sourceTree = "<group>"; };
		B44506FF1BCFFB9F008BD5AC /* View+MASAdditions.h */ = {isa = PBXFileReference; fileEncoding = 4; lastKnownFileType = sourcecode.c.h; path = "View+MASAdditions.h"; sourceTree = "<group>"; };
		B44507001BCFFB9F008BD5AC /* View+MASAdditions.m */ = {isa = PBXFileReference; fileEncoding = 4; lastKnownFileType = sourcecode.c.objc; path = "View+MASAdditions.m"; sourceTree = "<group>"; };
		B44507011BCFFB9F008BD5AC /* View+MASShorthandAdditions.h */ = {isa = PBXFileReference; fileEncoding = 4; lastKnownFileType = sourcecode.c.h; path = "View+MASShorthandAdditions.h"; sourceTree = "<group>"; };
		B44507021BCFFB9F008BD5AC /* ViewController+MASAdditions.h */ = {isa = PBXFileReference; fileEncoding = 4; lastKnownFileType = sourcecode.c.h; path = "ViewController+MASAdditions.h"; sourceTree = "<group>"; };
		B44507031BCFFB9F008BD5AC /* ViewController+MASAdditions.m */ = {isa = PBXFileReference; fileEncoding = 4; lastKnownFileType = sourcecode.c.objc; path = "ViewController+MASAdditions.m"; sourceTree = "<group>"; };
		B445071B1BD0044B008BD5AC /* BTGuideViewController.h */ = {isa = PBXFileReference; fileEncoding = 4; lastKnownFileType = sourcecode.c.h; name = BTGuideViewController.h; path = ViewController/BTGuideViewController.h; sourceTree = "<group>"; };
		B445071C1BD0044B008BD5AC /* BTGuideViewController.m */ = {isa = PBXFileReference; fileEncoding = 4; lastKnownFileType = sourcecode.c.objc; name = BTGuideViewController.m; path = ViewController/BTGuideViewController.m; sourceTree = "<group>"; };
/* End PBXFileReference section */

/* Begin PBXFrameworksBuildPhase section */
		65E2D32B1BCFC965001E29A9 /* Frameworks */ = {
			isa = PBXFrameworksBuildPhase;
			buildActionMask = 2147483647;
			files = (
			);
			runOnlyForDeploymentPostprocessing = 0;
		};
		65E2D3471BCFC966001E29A9 /* Frameworks */ = {
			isa = PBXFrameworksBuildPhase;
			buildActionMask = 2147483647;
			files = (
			);
			runOnlyForDeploymentPostprocessing = 0;
		};
/* End PBXFrameworksBuildPhase section */

/* Begin PBXGroup section */
		65E2D3251BCFC965001E29A9 = {
			isa = PBXGroup;
			children = (
				65E2D3301BCFC965001E29A9 /* BeatuifulTime */,
				65E2D34D1BCFC966001E29A9 /* BeatuifulTimeTests */,
				65E2D32F1BCFC965001E29A9 /* Products */,
			);
			sourceTree = "<group>";
		};
		65E2D32F1BCFC965001E29A9 /* Products */ = {
			isa = PBXGroup;
			children = (
				65E2D32E1BCFC965001E29A9 /* BeatuifulTime.app */,
				65E2D34A1BCFC966001E29A9 /* BeatuifulTimeTests.xctest */,
			);
			name = Products;
			sourceTree = "<group>";
		};
		65E2D3301BCFC965001E29A9 /* BeatuifulTime */ = {
			isa = PBXGroup;
			children = (
				65E2D3351BCFC965001E29A9 /* AppDelegate.h */,
				65E2D3361BCFC965001E29A9 /* AppDelegate.m */,
				B44506D01BCFEE48008BD5AC /* Src */,
				65E2D3681BCFCD02001E29A9 /* Resources */,
				65E2D3641BCFCCF2001E29A9 /* Common */,
				65E2D33E1BCFC966001E29A9 /* Main.storyboard */,
				65E2D3411BCFC966001E29A9 /* Images.xcassets */,
				65E2D3381BCFC966001E29A9 /* BeatuifulTime.xcdatamodeld */,
				65E2D3311BCFC965001E29A9 /* Supporting Files */,
			);
			path = BeatuifulTime;
			sourceTree = "<group>";
		};
		65E2D3311BCFC965001E29A9 /* Supporting Files */ = {
			isa = PBXGroup;
			children = (
				65E2D3321BCFC965001E29A9 /* Info.plist */,
				65E2D3331BCFC965001E29A9 /* main.m */,
				65E2D36F1BCFCDD4001E29A9 /* BeatuifulTime-Prefix.pch */,
			);
			name = "Supporting Files";
			sourceTree = "<group>";
		};
		65E2D34D1BCFC966001E29A9 /* BeatuifulTimeTests */ = {
			isa = PBXGroup;
			children = (
				65E2D3501BCFC966001E29A9 /* BeatuifulTimeTests.m */,
				65E2D34E1BCFC966001E29A9 /* Supporting Files */,
			);
			path = BeatuifulTimeTests;
			sourceTree = "<group>";
		};
		65E2D34E1BCFC966001E29A9 /* Supporting Files */ = {
			isa = PBXGroup;
			children = (
				65E2D34F1BCFC966001E29A9 /* Info.plist */,
			);
			name = "Supporting Files";
			sourceTree = "<group>";
		};
		65E2D3641BCFCCF2001E29A9 /* Common */ = {
			isa = PBXGroup;
			children = (
				B44506E81BCFFB9F008BD5AC /* 3rdparty */,
				65E2D3661BCFCCF2001E29A9 /* BTThemeManager */,
				65E2D3671BCFCCF2001E29A9 /* BTTools */,
			);
			path = Common;
			sourceTree = "<group>";
		};
		65E2D3661BCFCCF2001E29A9 /* BTThemeManager */ = {
			isa = PBXGroup;
			children = (
				65E2D3791BCFCF76001E29A9 /* BTThemeManager.h */,
				65E2D37A1BCFCF76001E29A9 /* BTThemeManager.m */,
			);
			path = BTThemeManager;
			sourceTree = "<group>";
		};
		65E2D3671BCFCCF2001E29A9 /* BTTools */ = {
			isa = PBXGroup;
			children = (
				65E2D3701BCFCEE4001E29A9 /* BTStyle.h */,
				65E2D3711BCFCEE4001E29A9 /* BTStyle.m */,
				65E2D3731BCFCF2D001E29A9 /* BTCommon.h */,
				65E2D3761BCFCF5A001E29A9 /* BTObjectExtension.h */,
				65E2D3771BCFCF5A001E29A9 /* BTObjectExtension.m */,
			);
			path = BTTools;
			sourceTree = "<group>";
		};
		65E2D3681BCFCD02001E29A9 /* Resources */ = {
			isa = PBXGroup;
			children = (
				65E2D36A1BCFCD84001E29A9 /* Themes */,
			);
			path = Resources;
			sourceTree = "<group>";
		};
		65E2D36A1BCFCD84001E29A9 /* Themes */ = {
			isa = PBXGroup;
			children = (
				65E2D36B1BCFCD84001E29A9 /* blackTheme.bundle */,
				65E2D36C1BCFCD84001E29A9 /* blueTheme.bundle */,
			);
			path = Themes;
			sourceTree = "<group>";
		};
		B44506D01BCFEE48008BD5AC /* Src */ = {
			isa = PBXGroup;
			children = (
				B44507191BD00405008BD5AC /* LaunchModule */,
				B44506D51BCFFAAC008BD5AC /* HomePageModule */,
				B44506D91BCFFAAC008BD5AC /* JournalModule */,
				B44506DD1BCFFAAC008BD5AC /* PhotoAlbumModule */,
				B44506E11BCFFAAC008BD5AC /* TimelineModule */,
				B44506D11BCFEE48008BD5AC /* UserCenterModule */,
			);
			path = Src;
			sourceTree = "<group>";
		};
		B44506D11BCFEE48008BD5AC /* UserCenterModule */ = {
			isa = PBXGroup;
			children = (
				B44506D21BCFEEC1008BD5AC /* Model */,
				B44506D31BCFEEC1008BD5AC /* View */,
				B44506D41BCFEEC1008BD5AC /* ViewController */,
			);
			path = UserCenterModule;
			sourceTree = "<group>";
		};
		B44506D21BCFEEC1008BD5AC /* Model */ = {
			isa = PBXGroup;
			children = (
			);
			path = Model;
			sourceTree = "<group>";
		};
		B44506D31BCFEEC1008BD5AC /* View */ = {
			isa = PBXGroup;
			children = (
			);
			path = View;
			sourceTree = "<group>";
		};
		B44506D41BCFEEC1008BD5AC /* ViewController */ = {
			isa = PBXGroup;
			children = (
			);
			path = ViewController;
			sourceTree = "<group>";
		};
		B44506D51BCFFAAC008BD5AC /* HomePageModule */ = {
			isa = PBXGroup;
			children = (
				B44506D61BCFFAAC008BD5AC /* Model */,
				B44506D71BCFFAAC008BD5AC /* View */,
				B44506D81BCFFAAC008BD5AC /* ViewController */,
			);
			path = HomePageModule;
			sourceTree = "<group>";
		};
		B44506D61BCFFAAC008BD5AC /* Model */ = {
			isa = PBXGroup;
			children = (
			);
			path = Model;
			sourceTree = "<group>";
		};
		B44506D71BCFFAAC008BD5AC /* View */ = {
			isa = PBXGroup;
			children = (
			);
			path = View;
			sourceTree = "<group>";
		};
		B44506D81BCFFAAC008BD5AC /* ViewController */ = {
			isa = PBXGroup;
			children = (
				B44506E51BCFFAFD008BD5AC /* HomePageViewController.h */,
				B44506E61BCFFAFD008BD5AC /* HomePageViewController.m */,
			);
			path = ViewController;
			sourceTree = "<group>";
		};
		B44506D91BCFFAAC008BD5AC /* JournalModule */ = {
			isa = PBXGroup;
			children = (
				B44506DA1BCFFAAC008BD5AC /* Model */,
				B44506DB1BCFFAAC008BD5AC /* View */,
				B44506DC1BCFFAAC008BD5AC /* ViewController */,
			);
			path = JournalModule;
			sourceTree = "<group>";
		};
		B44506DA1BCFFAAC008BD5AC /* Model */ = {
			isa = PBXGroup;
			children = (
			);
			path = Model;
			sourceTree = "<group>";
		};
		B44506DB1BCFFAAC008BD5AC /* View */ = {
			isa = PBXGroup;
			children = (
			);
			path = View;
			sourceTree = "<group>";
		};
		B44506DC1BCFFAAC008BD5AC /* ViewController */ = {
			isa = PBXGroup;
			children = (
			);
			path = ViewController;
			sourceTree = "<group>";
		};
		B44506DD1BCFFAAC008BD5AC /* PhotoAlbumModule */ = {
			isa = PBXGroup;
			children = (
				B44506DE1BCFFAAC008BD5AC /* Model */,
				B44506DF1BCFFAAC008BD5AC /* View */,
				B44506E01BCFFAAC008BD5AC /* ViewController */,
			);
			path = PhotoAlbumModule;
			sourceTree = "<group>";
		};
		B44506DE1BCFFAAC008BD5AC /* Model */ = {
			isa = PBXGroup;
			children = (
			);
			path = Model;
			sourceTree = "<group>";
		};
		B44506DF1BCFFAAC008BD5AC /* View */ = {
			isa = PBXGroup;
			children = (
			);
			path = View;
			sourceTree = "<group>";
		};
		B44506E01BCFFAAC008BD5AC /* ViewController */ = {
			isa = PBXGroup;
			children = (
			);
			path = ViewController;
			sourceTree = "<group>";
		};
		B44506E11BCFFAAC008BD5AC /* TimelineModule */ = {
			isa = PBXGroup;
			children = (
				B44506E21BCFFAAC008BD5AC /* Model */,
				B44506E31BCFFAAC008BD5AC /* View */,
				B44506E41BCFFAAC008BD5AC /* ViewController */,
			);
			path = TimelineModule;
			sourceTree = "<group>";
		};
		B44506E21BCFFAAC008BD5AC /* Model */ = {
			isa = PBXGroup;
			children = (
			);
			path = Model;
			sourceTree = "<group>";
		};
		B44506E31BCFFAAC008BD5AC /* View */ = {
			isa = PBXGroup;
			children = (
			);
			path = View;
			sourceTree = "<group>";
		};
		B44506E41BCFFAAC008BD5AC /* ViewController */ = {
			isa = PBXGroup;
			children = (
			);
			path = ViewController;
			sourceTree = "<group>";
		};
		B44506E81BCFFB9F008BD5AC /* 3rdparty */ = {
			isa = PBXGroup;
			children = (
				B44506E91BCFFB9F008BD5AC /* Masonry */,
			);
			path = 3rdparty;
			sourceTree = "<group>";
		};
		B44506E91BCFFB9F008BD5AC /* Masonry */ = {
			isa = PBXGroup;
			children = (
				B44506EA1BCFFB9F008BD5AC /* Info.plist */,
				B44506EB1BCFFB9F008BD5AC /* MASCompositeConstraint.h */,
				B44506EC1BCFFB9F008BD5AC /* MASCompositeConstraint.m */,
				B44506ED1BCFFB9F008BD5AC /* MASConstraint+Private.h */,
				B44506EE1BCFFB9F008BD5AC /* MASConstraint.h */,
				B44506EF1BCFFB9F008BD5AC /* MASConstraint.m */,
				B44506F01BCFFB9F008BD5AC /* MASConstraintMaker.h */,
				B44506F11BCFFB9F008BD5AC /* MASConstraintMaker.m */,
				B44506F21BCFFB9F008BD5AC /* MASLayoutConstraint.h */,
				B44506F31BCFFB9F008BD5AC /* MASLayoutConstraint.m */,
				B44506F41BCFFB9F008BD5AC /* Masonry.h */,
				B44506F51BCFFB9F008BD5AC /* MASUtilities.h */,
				B44506F61BCFFB9F008BD5AC /* MASViewAttribute.h */,
				B44506F71BCFFB9F008BD5AC /* MASViewAttribute.m */,
				B44506F81BCFFB9F008BD5AC /* MASViewConstraint.h */,
				B44506F91BCFFB9F008BD5AC /* MASViewConstraint.m */,
				B44506FA1BCFFB9F008BD5AC /* NSArray+MASAdditions.h */,
				B44506FB1BCFFB9F008BD5AC /* NSArray+MASAdditions.m */,
				B44506FC1BCFFB9F008BD5AC /* NSArray+MASShorthandAdditions.h */,
				B44506FD1BCFFB9F008BD5AC /* NSLayoutConstraint+MASDebugAdditions.h */,
				B44506FE1BCFFB9F008BD5AC /* NSLayoutConstraint+MASDebugAdditions.m */,
				B44506FF1BCFFB9F008BD5AC /* View+MASAdditions.h */,
				B44507001BCFFB9F008BD5AC /* View+MASAdditions.m */,
				B44507011BCFFB9F008BD5AC /* View+MASShorthandAdditions.h */,
				B44507021BCFFB9F008BD5AC /* ViewController+MASAdditions.h */,
				B44507031BCFFB9F008BD5AC /* ViewController+MASAdditions.m */,
			);
			path = Masonry;
			sourceTree = "<group>";
		};
		B44507191BD00405008BD5AC /* LaunchModule */ = {
			isa = PBXGroup;
			children = (
				B445071A1BD00405008BD5AC /* ViewController */,
				B445071B1BD0044B008BD5AC /* BTGuideViewController.h */,
				B445071C1BD0044B008BD5AC /* BTGuideViewController.m */,
			);
			path = LaunchModule;
			sourceTree = "<group>";
		};
		B445071A1BD00405008BD5AC /* ViewController */ = {
			isa = PBXGroup;
			children = (
			);
			path = ViewController;
			sourceTree = "<group>";
		};
/* End PBXGroup section */

/* Begin PBXNativeTarget section */
		65E2D32D1BCFC965001E29A9 /* BeatuifulTime */ = {
			isa = PBXNativeTarget;
			buildConfigurationList = 65E2D3541BCFC966001E29A9 /* Build configuration list for PBXNativeTarget "BeatuifulTime" */;
			buildPhases = (
				65E2D32A1BCFC965001E29A9 /* Sources */,
				65E2D32B1BCFC965001E29A9 /* Frameworks */,
				65E2D32C1BCFC965001E29A9 /* Resources */,
			);
			buildRules = (
			);
			dependencies = (
			);
			name = BeatuifulTime;
			productName = BeatuifulTime;
			productReference = 65E2D32E1BCFC965001E29A9 /* BeatuifulTime.app */;
			productType = "com.apple.product-type.application";
		};
		65E2D3491BCFC966001E29A9 /* BeatuifulTimeTests */ = {
			isa = PBXNativeTarget;
			buildConfigurationList = 65E2D3571BCFC966001E29A9 /* Build configuration list for PBXNativeTarget "BeatuifulTimeTests" */;
			buildPhases = (
				65E2D3461BCFC966001E29A9 /* Sources */,
				65E2D3471BCFC966001E29A9 /* Frameworks */,
				65E2D3481BCFC966001E29A9 /* Resources */,
			);
			buildRules = (
			);
			dependencies = (
				65E2D34C1BCFC966001E29A9 /* PBXTargetDependency */,
			);
			name = BeatuifulTimeTests;
			productName = BeatuifulTimeTests;
			productReference = 65E2D34A1BCFC966001E29A9 /* BeatuifulTimeTests.xctest */;
			productType = "com.apple.product-type.bundle.unit-test";
		};
/* End PBXNativeTarget section */

/* Begin PBXProject section */
		65E2D3261BCFC965001E29A9 /* Project object */ = {
			isa = PBXProject;
			attributes = {
				LastUpgradeCheck = 0630;
				ORGANIZATIONNAME = dengyonghao;
				TargetAttributes = {
					65E2D32D1BCFC965001E29A9 = {
						CreatedOnToolsVersion = 6.3.2;
					};
					65E2D3491BCFC966001E29A9 = {
						CreatedOnToolsVersion = 6.3.2;
						TestTargetID = 65E2D32D1BCFC965001E29A9;
					};
				};
			};
			buildConfigurationList = 65E2D3291BCFC965001E29A9 /* Build configuration list for PBXProject "BeatuifulTime" */;
			compatibilityVersion = "Xcode 3.2";
			developmentRegion = English;
			hasScannedForEncodings = 0;
			knownRegions = (
				en,
				Base,
			);
			mainGroup = 65E2D3251BCFC965001E29A9;
			productRefGroup = 65E2D32F1BCFC965001E29A9 /* Products */;
			projectDirPath = "";
			projectRoot = "";
			targets = (
				65E2D32D1BCFC965001E29A9 /* BeatuifulTime */,
				65E2D3491BCFC966001E29A9 /* BeatuifulTimeTests */,
			);
		};
/* End PBXProject section */

/* Begin PBXResourcesBuildPhase section */
		65E2D32C1BCFC965001E29A9 /* Resources */ = {
			isa = PBXResourcesBuildPhase;
			buildActionMask = 2147483647;
			files = (
				65E2D3401BCFC966001E29A9 /* Main.storyboard in Resources */,
				65E2D3421BCFC966001E29A9 /* Images.xcassets in Resources */,
				65E2D36D1BCFCD84001E29A9 /* blackTheme.bundle in Resources */,
				B44507041BCFFB9F008BD5AC /* Info.plist in Resources */,
				65E2D36E1BCFCD84001E29A9 /* blueTheme.bundle in Resources */,
			);
			runOnlyForDeploymentPostprocessing = 0;
		};
		65E2D3481BCFC966001E29A9 /* Resources */ = {
			isa = PBXResourcesBuildPhase;
			buildActionMask = 2147483647;
			files = (
			);
			runOnlyForDeploymentPostprocessing = 0;
		};
/* End PBXResourcesBuildPhase section */

/* Begin PBXSourcesBuildPhase section */
		65E2D32A1BCFC965001E29A9 /* Sources */ = {
			isa = PBXSourcesBuildPhase;
			buildActionMask = 2147483647;
			files = (
				B445070B1BCFFB9F008BD5AC /* NSArray+MASAdditions.m in Sources */,
				B445070A1BCFFB9F008BD5AC /* MASViewConstraint.m in Sources */,
				65E2D3371BCFC965001E29A9 /* AppDelegate.m in Sources */,
				B44507071BCFFB9F008BD5AC /* MASConstraintMaker.m in Sources */,
				B445070D1BCFFB9F008BD5AC /* View+MASAdditions.m in Sources */,
				65E2D3781BCFCF5A001E29A9 /* BTObjectExtension.m in Sources */,
				B44507061BCFFB9F008BD5AC /* MASConstraint.m in Sources */,
				B44506E71BCFFAFD008BD5AC /* HomePageViewController.m in Sources */,
				B44507091BCFFB9F008BD5AC /* MASViewAttribute.m in Sources */,
				B445070C1BCFFB9F008BD5AC /* NSLayoutConstraint+MASDebugAdditions.m in Sources */,
				65E2D3341BCFC965001E29A9 /* main.m in Sources */,
				B44507051BCFFB9F008BD5AC /* MASCompositeConstraint.m in Sources */,
				B44507081BCFFB9F008BD5AC /* MASLayoutConstraint.m in Sources */,
				65E2D33A1BCFC966001E29A9 /* BeatuifulTime.xcdatamodeld in Sources */,
				65E2D3721BCFCEE4001E29A9 /* BTStyle.m in Sources */,
				B445071D1BD0044B008BD5AC /* BTGuideViewController.m in Sources */,
				B445070E1BCFFB9F008BD5AC /* ViewController+MASAdditions.m in Sources */,
				65E2D37B1BCFCF76001E29A9 /* BTThemeManager.m in Sources */,
			);
			runOnlyForDeploymentPostprocessing = 0;
		};
		65E2D3461BCFC966001E29A9 /* Sources */ = {
			isa = PBXSourcesBuildPhase;
			buildActionMask = 2147483647;
			files = (
				65E2D3511BCFC966001E29A9 /* BeatuifulTimeTests.m in Sources */,
			);
			runOnlyForDeploymentPostprocessing = 0;
		};
/* End PBXSourcesBuildPhase section */

/* Begin PBXTargetDependency section */
		65E2D34C1BCFC966001E29A9 /* PBXTargetDependency */ = {
			isa = PBXTargetDependency;
			target = 65E2D32D1BCFC965001E29A9 /* BeatuifulTime */;
			targetProxy = 65E2D34B1BCFC966001E29A9 /* PBXContainerItemProxy */;
		};
/* End PBXTargetDependency section */

/* Begin PBXVariantGroup section */
		65E2D33E1BCFC966001E29A9 /* Main.storyboard */ = {
			isa = PBXVariantGroup;
			children = (
				65E2D33F1BCFC966001E29A9 /* Base */,
			);
			name = Main.storyboard;
			sourceTree = "<group>";
		};
/* End PBXVariantGroup section */

/* Begin XCBuildConfiguration section */
		65E2D3521BCFC966001E29A9 /* Debug */ = {
			isa = XCBuildConfiguration;
			buildSettings = {
				ALWAYS_SEARCH_USER_PATHS = NO;
				CLANG_CXX_LANGUAGE_STANDARD = "gnu++0x";
				CLANG_CXX_LIBRARY = "libc++";
				CLANG_ENABLE_MODULES = YES;
				CLANG_ENABLE_OBJC_ARC = YES;
				CLANG_WARN_BOOL_CONVERSION = YES;
				CLANG_WARN_CONSTANT_CONVERSION = YES;
				CLANG_WARN_DIRECT_OBJC_ISA_USAGE = YES_ERROR;
				CLANG_WARN_EMPTY_BODY = YES;
				CLANG_WARN_ENUM_CONVERSION = YES;
				CLANG_WARN_INT_CONVERSION = YES;
				CLANG_WARN_OBJC_ROOT_CLASS = YES_ERROR;
				CLANG_WARN_UNREACHABLE_CODE = YES;
				CLANG_WARN__DUPLICATE_METHOD_MATCH = YES;
				"CODE_SIGN_IDENTITY[sdk=iphoneos*]" = "iPhone Developer";
				COPY_PHASE_STRIP = NO;
				DEBUG_INFORMATION_FORMAT = "dwarf-with-dsym";
				ENABLE_STRICT_OBJC_MSGSEND = YES;
				GCC_C_LANGUAGE_STANDARD = gnu99;
				GCC_DYNAMIC_NO_PIC = NO;
				GCC_NO_COMMON_BLOCKS = YES;
				GCC_OPTIMIZATION_LEVEL = 0;
				GCC_PREPROCESSOR_DEFINITIONS = (
					"DEBUG=1",
					"$(inherited)",
				);
				GCC_SYMBOLS_PRIVATE_EXTERN = NO;
				GCC_WARN_64_TO_32_BIT_CONVERSION = YES;
				GCC_WARN_ABOUT_RETURN_TYPE = YES_ERROR;
				GCC_WARN_UNDECLARED_SELECTOR = YES;
				GCC_WARN_UNINITIALIZED_AUTOS = YES_AGGRESSIVE;
				GCC_WARN_UNUSED_FUNCTION = YES;
				GCC_WARN_UNUSED_VARIABLE = YES;
				IPHONEOS_DEPLOYMENT_TARGET = 8.3;
				MTL_ENABLE_DEBUG_INFO = YES;
				ONLY_ACTIVE_ARCH = YES;
				SDKROOT = iphoneos;
			};
			name = Debug;
		};
		65E2D3531BCFC966001E29A9 /* Release */ = {
			isa = XCBuildConfiguration;
			buildSettings = {
				ALWAYS_SEARCH_USER_PATHS = NO;
				CLANG_CXX_LANGUAGE_STANDARD = "gnu++0x";
				CLANG_CXX_LIBRARY = "libc++";
				CLANG_ENABLE_MODULES = YES;
				CLANG_ENABLE_OBJC_ARC = YES;
				CLANG_WARN_BOOL_CONVERSION = YES;
				CLANG_WARN_CONSTANT_CONVERSION = YES;
				CLANG_WARN_DIRECT_OBJC_ISA_USAGE = YES_ERROR;
				CLANG_WARN_EMPTY_BODY = YES;
				CLANG_WARN_ENUM_CONVERSION = YES;
				CLANG_WARN_INT_CONVERSION = YES;
				CLANG_WARN_OBJC_ROOT_CLASS = YES_ERROR;
				CLANG_WARN_UNREACHABLE_CODE = YES;
				CLANG_WARN__DUPLICATE_METHOD_MATCH = YES;
				"CODE_SIGN_IDENTITY[sdk=iphoneos*]" = "iPhone Developer";
				COPY_PHASE_STRIP = NO;
				DEBUG_INFORMATION_FORMAT = "dwarf-with-dsym";
				ENABLE_NS_ASSERTIONS = NO;
				ENABLE_STRICT_OBJC_MSGSEND = YES;
				GCC_C_LANGUAGE_STANDARD = gnu99;
				GCC_NO_COMMON_BLOCKS = YES;
				GCC_WARN_64_TO_32_BIT_CONVERSION = YES;
				GCC_WARN_ABOUT_RETURN_TYPE = YES_ERROR;
				GCC_WARN_UNDECLARED_SELECTOR = YES;
				GCC_WARN_UNINITIALIZED_AUTOS = YES_AGGRESSIVE;
				GCC_WARN_UNUSED_FUNCTION = YES;
				GCC_WARN_UNUSED_VARIABLE = YES;
				IPHONEOS_DEPLOYMENT_TARGET = 8.3;
				MTL_ENABLE_DEBUG_INFO = NO;
				SDKROOT = iphoneos;
				VALIDATE_PRODUCT = YES;
			};
			name = Release;
		};
		65E2D3551BCFC966001E29A9 /* Debug */ = {
			isa = XCBuildConfiguration;
			buildSettings = {
				ASSETCATALOG_COMPILER_APPICON_NAME = AppIcon;
				GCC_PRECOMPILE_PREFIX_HEADER = YES;
				GCC_PREFIX_HEADER = "$(SRCROOT)/BeatuifulTime/BeatuifulTime-Prefix.pch";
				INFOPLIST_FILE = BeatuifulTime/Info.plist;
				IPHONEOS_DEPLOYMENT_TARGET = 7.0;
				LD_RUNPATH_SEARCH_PATHS = "$(inherited) @executable_path/Frameworks";
				PRODUCT_NAME = "$(TARGET_NAME)";
			};
			name = Debug;
		};
		65E2D3561BCFC966001E29A9 /* Release */ = {
			isa = XCBuildConfiguration;
			buildSettings = {
				ASSETCATALOG_COMPILER_APPICON_NAME = AppIcon;
				GCC_PRECOMPILE_PREFIX_HEADER = YES;
				GCC_PREFIX_HEADER = "$(SRCROOT)/BeatuifulTime/BeatuifulTime-Prefix.pch";
				INFOPLIST_FILE = BeatuifulTime/Info.plist;
				IPHONEOS_DEPLOYMENT_TARGET = 7.0;
				LD_RUNPATH_SEARCH_PATHS = "$(inherited) @executable_path/Frameworks";
				PRODUCT_NAME = "$(TARGET_NAME)";
			};
			name = Release;
		};
		65E2D3581BCFC966001E29A9 /* Debug */ = {
			isa = XCBuildConfiguration;
			buildSettings = {
				BUNDLE_LOADER = "$(TEST_HOST)";
				FRAMEWORK_SEARCH_PATHS = (
					"$(SDKROOT)/Developer/Library/Frameworks",
					"$(inherited)",
				);
				GCC_PREPROCESSOR_DEFINITIONS = (
					"DEBUG=1",
					"$(inherited)",
				);
				INFOPLIST_FILE = BeatuifulTimeTests/Info.plist;
				LD_RUNPATH_SEARCH_PATHS = "$(inherited) @executable_path/Frameworks @loader_path/Frameworks";
				PRODUCT_NAME = "$(TARGET_NAME)";
				TEST_HOST = "$(BUILT_PRODUCTS_DIR)/BeatuifulTime.app/BeatuifulTime";
			};
			name = Debug;
		};
		65E2D3591BCFC966001E29A9 /* Release */ = {
			isa = XCBuildConfiguration;
			buildSettings = {
				BUNDLE_LOADER = "$(TEST_HOST)";
				FRAMEWORK_SEARCH_PATHS = (
					"$(SDKROOT)/Developer/Library/Frameworks",
					"$(inherited)",
				);
				INFOPLIST_FILE = BeatuifulTimeTests/Info.plist;
				LD_RUNPATH_SEARCH_PATHS = "$(inherited) @executable_path/Frameworks @loader_path/Frameworks";
				PRODUCT_NAME = "$(TARGET_NAME)";
				TEST_HOST = "$(BUILT_PRODUCTS_DIR)/BeatuifulTime.app/BeatuifulTime";
			};
			name = Release;
		};
/* End XCBuildConfiguration section */

/* Begin XCConfigurationList section */
		65E2D3291BCFC965001E29A9 /* Build configuration list for PBXProject "BeatuifulTime" */ = {
			isa = XCConfigurationList;
			buildConfigurations = (
				65E2D3521BCFC966001E29A9 /* Debug */,
				65E2D3531BCFC966001E29A9 /* Release */,
			);
			defaultConfigurationIsVisible = 0;
			defaultConfigurationName = Release;
		};
		65E2D3541BCFC966001E29A9 /* Build configuration list for PBXNativeTarget "BeatuifulTime" */ = {
			isa = XCConfigurationList;
			buildConfigurations = (
				65E2D3551BCFC966001E29A9 /* Debug */,
				65E2D3561BCFC966001E29A9 /* Release */,
			);
			defaultConfigurationIsVisible = 0;
			defaultConfigurationName = Release;
		};
		65E2D3571BCFC966001E29A9 /* Build configuration list for PBXNativeTarget "BeatuifulTimeTests" */ = {
			isa = XCConfigurationList;
			buildConfigurations = (
				65E2D3581BCFC966001E29A9 /* Debug */,
				65E2D3591BCFC966001E29A9 /* Release */,
			);
			defaultConfigurationIsVisible = 0;
			defaultConfigurationName = Release;
		};
/* End XCConfigurationList section */

/* Begin XCVersionGroup section */
		65E2D3381BCFC966001E29A9 /* BeatuifulTime.xcdatamodeld */ = {
			isa = XCVersionGroup;
			children = (
				65E2D3391BCFC966001E29A9 /* BeatuifulTime.xcdatamodel */,
			);
			currentVersion = 65E2D3391BCFC966001E29A9 /* BeatuifulTime.xcdatamodel */;
			path = BeatuifulTime.xcdatamodeld;
			sourceTree = "<group>";
			versionGroupType = wrapper.xcdatamodel;
		};
/* End XCVersionGroup section */
	};
	rootObject = 65E2D3261BCFC965001E29A9 /* Project object */;
}
